
Microsoft Visual Studio Solution File, Format Version 12.00
# Visual Studio Version 17
VisualStudioVersion = 17.3.32819.101
MinimumVisualStudioVersion = 10.0.40219.1
Project("{8BC9CEB8-8B4A-11D0-8D11-00A0C91BC942}") = "Client", "Client\Client.vcxproj", "{FD226DE2-D448-42A6-BC90-AD644531792A}"
EndProject
Project("{8BC9CEB8-8B4A-11D0-8D11-00A0C91BC942}") = "Server", "Server\Server.vcxproj", "{D3233468-974B-4BC1-A035-94D80002CA0C}"
EndProject
Project("{8BC9CEB8-8B4A-11D0-8D11-00A0C91BC942}") = "Framework", "Framework\Framework.vcxproj", "{BCCC80D2-3D02-49E5-9FD8-F0E72320AB38}"
EndProject
Global
	GlobalSection(SolutionConfigurationPlatforms) = preSolution
		Debug|x64 = Debug|x64
		Debug|x86 = Debug|x86
		Release|x64 = Release|x64
		Release|x86 = Release|x86
	EndGlobalSection
	GlobalSection(ProjectConfigurationPlatforms) = postSolution
		{FD226DE2-D448-42A6-BC90-AD644531792A}.Debug|x64.ActiveCfg = Debug|x64
		{FD226DE2-D448-42A6-BC90-AD644531792A}.Debug|x64.Build.0 = Debug|x64
		{FD226DE2-D448-42A6-BC90-AD644531792A}.Debug|x86.ActiveCfg = Debug|Win32
		{FD226DE2-D448-42A6-BC90-AD644531792A}.Debug|x86.Build.0 = Debug|Win32
		{FD226DE2-D448-42A6-BC90-AD644531792A}.Release|x64.ActiveCfg = Release|x64
		{FD226DE2-D448-42A6-BC90-AD644531792A}.Release|x64.Build.0 = Release|x64
		{FD226DE2-D448-42A6-BC90-AD644531792A}.Release|x86.ActiveCfg = Release|Win32
		{FD226DE2-D448-42A6-BC90-AD644531792A}.Release|x86.Build.0 = Release|Win32
		{D3233468-974B-4BC1-A035-94D80002CA0C}.Debug|x64.ActiveCfg = Debug|x64
		{D3233468-974B-4BC1-A035-94D80002CA0C}.Debug|x64.Build.0 = Debug|x64
		{D3233468-974B-4BC1-A035-94D80002CA0C}.Debug|x86.ActiveCfg = Debug|Win32
		{D3233468-974B-4BC1-A035-94D80002CA0C}.Debug|x86.Build.0 = Debug|Win32
		{D3233468-974B-4BC1-A035-94D80002CA0C}.Release|x64.ActiveCfg = Release|x64
		{D3233468-974B-4BC1-A035-94D80002CA0C}.Release|x64.Build.0 = Release|x64
		{D3233468-974B-4BC1-A035-94D80002CA0C}.Release|x86.ActiveCfg = Release|Win32
		{D3233468-974B-4BC1-A035-94D80002CA0C}.Release|x86.Build.0 = Release|Win32
		{BCCC80D2-3D02-49E5-9FD8-F0E72320AB38}.Debug|x64.ActiveCfg = Debug|x64
		{BCCC80D2-3D02-49E5-9FD8-F0E72320AB38}.Debug|x64.Build.0 = Debug|x64
		{BCCC80D2-3D02-49E5-9FD8-F0E72320AB38}.Debug|x86.ActiveCfg = Debug|Win32
		{BCCC80D2-3D02-49E5-9FD8-F0E72320AB38}.Debug|x86.Build.0 = Debug|Win32
		{BCCC80D2-3D02-49E5-9FD8-F0E72320AB38}.Release|x64.ActiveCfg = Release|x64
		{BCCC80D2-3D02-49E5-9FD8-F0E72320AB38}.Release|x64.Build.0 = Release|x64
		{BCCC80D2-3D02-49E5-9FD8-F0E72320AB38}.Release|x86.ActiveCfg = Release|Win32
		{BCCC80D2-3D02-49E5-9FD8-F0E72320AB38}.Release|x86.Build.0 = Release|Win32
	EndGlobalSection
	GlobalSection(SolutionProperties) = preSolution
		HideSolutionNode = FALSE
	EndGlobalSection
	GlobalSection(ExtensibilityGlobals) = postSolution
		SolutionGuid = {1453F489-CBF4-44D1-A14B-7E8EACB77238}
	EndGlobalSection
EndGlobal
